
Microsoft Visual Studio Solution File, Format Version 12.00
# Visual Studio Version 16
VisualStudioVersion = 16.0.31424.327
MinimumVisualStudioVersion = 10.0.40219.1
Project("{FAE04EC0-301F-11D3-BF4B-00C04F79EFBC}") = "L2Z1", "L2Z1.csproj", "{774D6056-E795-4795-BF98-6D57D0F10FFE}"
EndProject
Global
	GlobalSection(SolutionConfigurationPlatforms) = preSolution
		Debug|Any CPU = Debug|Any CPU
		Release|Any CPU = Release|Any CPU
	EndGlobalSection
	GlobalSection(ProjectConfigurationPlatforms) = postSolution
		{774D6056-E795-4795-BF98-6D57D0F10FFE}.Debug|Any CPU.ActiveCfg = Debug|Any CPU
		{774D6056-E795-4795-BF98-6D57D0F10FFE}.Debug|Any CPU.Build.0 = Debug|Any CPU
		{774D6056-E795-4795-BF98-6D57D0F10FFE}.Release|Any CPU.ActiveCfg = Release|Any CPU
		{774D6056-E795-4795-BF98-6D57D0F10FFE}.Release|Any CPU.Build.0 = Release|Any CPU
	EndGlobalSection
	GlobalSection(SolutionProperties) = preSolution
		HideSolutionNode = FALSE
	EndGlobalSection
	GlobalSection(ExtensibilityGlobals) = postSolution
		SolutionGuid = {BB0CDE74-4A02-4CEC-BD83-E0C66B0C2EE3}
	EndGlobalSection
EndGlobal
